
Microsoft Visual Studio Solution File, Format Version 12.00
# Visual Studio 14
VisualStudioVersion = 14.0.25420.1
MinimumVisualStudioVersion = 10.0.40219.1
Project("{FAE04EC0-301F-11D3-BF4B-00C04F79EFBC}") = "RecipientChecker-VSTO-2013-2016", "RecipientChecker-VSTO-2013-2016\RecipientChecker-VSTO-2013-2016.csproj", "{55BF5018-4978-4F02-92AE-34591BC18A9A}"
EndProject
Project("{FAE04EC0-301F-11D3-BF4B-00C04F79EFBC}") = "RecipientChecker-VSTO-2010", "RecipientChecker-VSTO-2010\RecipientChecker-VSTO-2010.csproj", "{B6ED615C-1AC4-42E3-A832-CC755B7910F3}"
EndProject
Global
	GlobalSection(SolutionConfigurationPlatforms) = preSolution
		Debug|Any CPU = Debug|Any CPU
		Release|Any CPU = Release|Any CPU
	EndGlobalSection
	GlobalSection(ProjectConfigurationPlatforms) = postSolution
		{55BF5018-4978-4F02-92AE-34591BC18A9A}.Debug|Any CPU.ActiveCfg = Debug|Any CPU
		{55BF5018-4978-4F02-92AE-34591BC18A9A}.Debug|Any CPU.Build.0 = Debug|Any CPU
		{55BF5018-4978-4F02-92AE-34591BC18A9A}.Release|Any CPU.ActiveCfg = Release|Any CPU
		{55BF5018-4978-4F02-92AE-34591BC18A9A}.Release|Any CPU.Build.0 = Release|Any CPU
		{B6ED615C-1AC4-42E3-A832-CC755B7910F3}.Debug|Any CPU.ActiveCfg = Debug|Any CPU
		{B6ED615C-1AC4-42E3-A832-CC755B7910F3}.Debug|Any CPU.Build.0 = Debug|Any CPU
		{B6ED615C-1AC4-42E3-A832-CC755B7910F3}.Release|Any CPU.ActiveCfg = Release|Any CPU
		{B6ED615C-1AC4-42E3-A832-CC755B7910F3}.Release|Any CPU.Build.0 = Release|Any CPU
	EndGlobalSection
	GlobalSection(SolutionProperties) = preSolution
		HideSolutionNode = FALSE
	EndGlobalSection
EndGlobal
